// !$*UTF8*$!
{
	archiveVersion = 1;
	classes = {
	};
	objectVersion = 46;
	objects = {

/* Begin PBXBuildFile section */
		6001A6D71CB4BC22000F2BB3 /* QHBaseViewController.m in Sources */ = {isa = PBXBuildFile; fileRef = 6001A6D61CB4BC22000F2BB3 /* QHBaseViewController.m */; };
		600225D41CE9C81200F852BC /* QHLaunchViewController.m in Sources */ = {isa = PBXBuildFile; fileRef = 600225D31CE9C81200F852BC /* QHLaunchViewController.m */; };
		600225D71CE9CC3400F852BC /* QHHomeTabBarController.m in Sources */ = {isa = PBXBuildFile; fileRef = 600225D61CE9CC3400F852BC /* QHHomeTabBarController.m */; };
		600225DB1CE9CF6C00F852BC /* UIView+Frame.m in Sources */ = {isa = PBXBuildFile; fileRef = 600225DA1CE9CF6C00F852BC /* UIView+Frame.m */; };
		603975FF1CC51D6200E9DC25 /* QHLoginViewController.m in Sources */ = {isa = PBXBuildFile; fileRef = 603975FD1CC51D6200E9DC25 /* QHLoginViewController.m */; };
		603976001CC51D6200E9DC25 /* QHLoginViewController.xib in Resources */ = {isa = PBXBuildFile; fileRef = 603975FE1CC51D6200E9DC25 /* QHLoginViewController.xib */; };
		6040F2881CEABAD600D8FF50 /* UIViewController+AlertView.m in Sources */ = {isa = PBXBuildFile; fileRef = 6040F2871CEABAD600D8FF50 /* UIViewController+AlertView.m */; };
		606B00461CE479290009099A /* QHUserModel.m in Sources */ = {isa = PBXBuildFile; fileRef = 606B00451CE479290009099A /* QHUserModel.m */; };
		606B004F1CE487E60009099A /* QHUserManager.m in Sources */ = {isa = PBXBuildFile; fileRef = 606B004E1CE487E60009099A /* QHUserManager.m */; };
		606B00551CE4CF580009099A /* QHAlertViewManager.m in Sources */ = {isa = PBXBuildFile; fileRef = 606B00541CE4CF580009099A /* QHAlertViewManager.m */; };
		606B00591CE4DF130009099A /* QHRegisterViewController.m in Sources */ = {isa = PBXBuildFile; fileRef = 606B00571CE4DF130009099A /* QHRegisterViewController.m */; };
		606B005A1CE4DF130009099A /* QHRegisterViewController.xib in Resources */ = {isa = PBXBuildFile; fileRef = 606B00581CE4DF130009099A /* QHRegisterViewController.xib */; };
		606B00641CE5C7FF0009099A /* QHChooseRegisterTypeViewController.m in Sources */ = {isa = PBXBuildFile; fileRef = 606B00621CE5C7FF0009099A /* QHChooseRegisterTypeViewController.m */; };
		606B00651CE5C7FF0009099A /* QHChooseRegisterTypeViewController.xib in Resources */ = {isa = PBXBuildFile; fileRef = 606B00631CE5C7FF0009099A /* QHChooseRegisterTypeViewController.xib */; };
		60A236F11CEA3096004D49F5 /* NSError+LeanClound.m in Sources */ = {isa = PBXBuildFile; fileRef = 60A236F01CEA3096004D49F5 /* NSError+LeanClound.m */; };
		60C849F91CE6EAEF00D6569C /* QHBaseTableViewController.m in Sources */ = {isa = PBXBuildFile; fileRef = 60C849F81CE6EAEF00D6569C /* QHBaseTableViewController.m */; };
		60C84A001CE6F0E800D6569C /* QHHomeViewController.m in Sources */ = {isa = PBXBuildFile; fileRef = 60C849FF1CE6F0E800D6569C /* QHHomeViewController.m */; };
		60C84A031CE6F0F800D6569C /* QHChatRoomViewController.m in Sources */ = {isa = PBXBuildFile; fileRef = 60C84A021CE6F0F800D6569C /* QHChatRoomViewController.m */; };
		60C84A061CE6F31D00D6569C /* QHMyMainViewController.m in Sources */ = {isa = PBXBuildFile; fileRef = 60C84A051CE6F31D00D6569C /* QHMyMainViewController.m */; };
		60C84A0A1CE6F46000D6569C /* QHBaseNavigationController.m in Sources */ = {isa = PBXBuildFile; fileRef = 60C84A091CE6F46000D6569C /* QHBaseNavigationController.m */; };
		60CD9F661C9EA56800EC354F /* main.m in Sources */ = {isa = PBXBuildFile; fileRef = 60CD9F651C9EA56800EC354F /* main.m */; };
		60CD9F691C9EA56800EC354F /* AppDelegate.m in Sources */ = {isa = PBXBuildFile; fileRef = 60CD9F681C9EA56800EC354F /* AppDelegate.m */; };
		60CD9F6F1C9EA56800EC354F /* Main.storyboard in Resources */ = {isa = PBXBuildFile; fileRef = 60CD9F6D1C9EA56800EC354F /* Main.storyboard */; };
		60CD9F721C9EA56800EC354F /* QHProject.xcdatamodeld in Sources */ = {isa = PBXBuildFile; fileRef = 60CD9F701C9EA56800EC354F /* QHProject.xcdatamodeld */; };
		60CD9F741C9EA56800EC354F /* Assets.xcassets in Resources */ = {isa = PBXBuildFile; fileRef = 60CD9F731C9EA56800EC354F /* Assets.xcassets */; };
		60CD9F771C9EA56800EC354F /* LaunchScreen.storyboard in Resources */ = {isa = PBXBuildFile; fileRef = 60CD9F751C9EA56800EC354F /* LaunchScreen.storyboard */; };
		F5CA835FF540A29F51B21184 /* libPods.a in Frameworks */ = {isa = PBXBuildFile; fileRef = FA65707B552B41AFCCF4066D /* libPods.a */; };
/* End PBXBuildFile section */

/* Begin PBXFileReference section */
		6001A6D51CB4BC22000F2BB3 /* QHBaseViewController.h */ = {isa = PBXFileReference; fileEncoding = 4; lastKnownFileType = sourcecode.c.h; path = QHBaseViewController.h; sourceTree = "<group>"; };
		6001A6D61CB4BC22000F2BB3 /* QHBaseViewController.m */ = {isa = PBXFileReference; fileEncoding = 4; lastKnownFileType = sourcecode.c.objc; path = QHBaseViewController.m; sourceTree = "<group>"; };
		600225D21CE9C81200F852BC /* QHLaunchViewController.h */ = {isa = PBXFileReference; fileEncoding = 4; lastKnownFileType = sourcecode.c.h; path = QHLaunchViewController.h; sourceTree = "<group>"; };
		600225D31CE9C81200F852BC /* QHLaunchViewController.m */ = {isa = PBXFileReference; fileEncoding = 4; lastKnownFileType = sourcecode.c.objc; path = QHLaunchViewController.m; sourceTree = "<group>"; };
		600225D51CE9CC3400F852BC /* QHHomeTabBarController.h */ = {isa = PBXFileReference; fileEncoding = 4; lastKnownFileType = sourcecode.c.h; path = QHHomeTabBarController.h; sourceTree = "<group>"; };
		600225D61CE9CC3400F852BC /* QHHomeTabBarController.m */ = {isa = PBXFileReference; fileEncoding = 4; lastKnownFileType = sourcecode.c.objc; path = QHHomeTabBarController.m; sourceTree = "<group>"; };
		600225D91CE9CF6C00F852BC /* UIView+Frame.h */ = {isa = PBXFileReference; fileEncoding = 4; lastKnownFileType = sourcecode.c.h; path = "UIView+Frame.h"; sourceTree = "<group>"; };
		600225DA1CE9CF6C00F852BC /* UIView+Frame.m */ = {isa = PBXFileReference; fileEncoding = 4; lastKnownFileType = sourcecode.c.objc; path = "UIView+Frame.m"; sourceTree = "<group>"; };
		603975FC1CC51D6200E9DC25 /* QHLoginViewController.h */ = {isa = PBXFileReference; fileEncoding = 4; lastKnownFileType = sourcecode.c.h; path = QHLoginViewController.h; sourceTree = "<group>"; };
		603975FD1CC51D6200E9DC25 /* QHLoginViewController.m */ = {isa = PBXFileReference; fileEncoding = 4; lastKnownFileType = sourcecode.c.objc; path = QHLoginViewController.m; sourceTree = "<group>"; };
		603975FE1CC51D6200E9DC25 /* QHLoginViewController.xib */ = {isa = PBXFileReference; fileEncoding = 4; lastKnownFileType = file.xib; path = QHLoginViewController.xib; sourceTree = "<group>"; };
		603976011CC52AC900E9DC25 /* QHProjectPrefixHeader.pch */ = {isa = PBXFileReference; fileEncoding = 4; lastKnownFileType = sourcecode.c.h; path = QHProjectPrefixHeader.pch; sourceTree = "<group>"; };
		6040F2861CEABAD600D8FF50 /* UIViewController+AlertView.h */ = {isa = PBXFileReference; fileEncoding = 4; lastKnownFileType = sourcecode.c.h; path = "UIViewController+AlertView.h"; sourceTree = "<group>"; };
		6040F2871CEABAD600D8FF50 /* UIViewController+AlertView.m */ = {isa = PBXFileReference; fileEncoding = 4; lastKnownFileType = sourcecode.c.objc; path = "UIViewController+AlertView.m"; sourceTree = "<group>"; };
		606B00441CE479290009099A /* QHUserModel.h */ = {isa = PBXFileReference; fileEncoding = 4; lastKnownFileType = sourcecode.c.h; path = QHUserModel.h; sourceTree = "<group>"; };
		606B00451CE479290009099A /* QHUserModel.m */ = {isa = PBXFileReference; fileEncoding = 4; lastKnownFileType = sourcecode.c.objc; path = QHUserModel.m; sourceTree = "<group>"; };
		606B004B1CE47CB50009099A /* QHCommonBlock.h */ = {isa = PBXFileReference; lastKnownFileType = sourcecode.c.h; path = QHCommonBlock.h; sourceTree = "<group>"; };
		606B004D1CE487E60009099A /* QHUserManager.h */ = {isa = PBXFileReference; fileEncoding = 4; lastKnownFileType = sourcecode.c.h; path = QHUserManager.h; sourceTree = "<group>"; };
		606B004E1CE487E60009099A /* QHUserManager.m */ = {isa = PBXFileReference; fileEncoding = 4; lastKnownFileType = sourcecode.c.objc; path = QHUserManager.m; sourceTree = "<group>"; };
		606B00531CE4CF580009099A /* QHAlertViewManager.h */ = {isa = PBXFileReference; fileEncoding = 4; lastKnownFileType = sourcecode.c.h; path = QHAlertViewManager.h; sourceTree = "<group>"; };
		606B00541CE4CF580009099A /* QHAlertViewManager.m */ = {isa = PBXFileReference; fileEncoding = 4; lastKnownFileType = sourcecode.c.objc; path = QHAlertViewManager.m; sourceTree = "<group>"; };
		606B00561CE4DF130009099A /* QHRegisterViewController.h */ = {isa = PBXFileReference; fileEncoding = 4; lastKnownFileType = sourcecode.c.h; path = QHRegisterViewController.h; sourceTree = "<group>"; };
		606B00571CE4DF130009099A /* QHRegisterViewController.m */ = {isa = PBXFileReference; fileEncoding = 4; lastKnownFileType = sourcecode.c.objc; path = QHRegisterViewController.m; sourceTree = "<group>"; };
		606B00581CE4DF130009099A /* QHRegisterViewController.xib */ = {isa = PBXFileReference; fileEncoding = 4; lastKnownFileType = file.xib; path = QHRegisterViewController.xib; sourceTree = "<group>"; };
		606B00611CE5C7FF0009099A /* QHChooseRegisterTypeViewController.h */ = {isa = PBXFileReference; fileEncoding = 4; lastKnownFileType = sourcecode.c.h; name = QHChooseRegisterTypeViewController.h; path = Login/QHChooseRegisterTypeViewController.h; sourceTree = "<group>"; };
		606B00621CE5C7FF0009099A /* QHChooseRegisterTypeViewController.m */ = {isa = PBXFileReference; fileEncoding = 4; lastKnownFileType = sourcecode.c.objc; name = QHChooseRegisterTypeViewController.m; path = Login/QHChooseRegisterTypeViewController.m; sourceTree = "<group>"; };
		606B00631CE5C7FF0009099A /* QHChooseRegisterTypeViewController.xib */ = {isa = PBXFileReference; fileEncoding = 4; lastKnownFileType = file.xib; name = QHChooseRegisterTypeViewController.xib; path = Login/QHChooseRegisterTypeViewController.xib; sourceTree = "<group>"; };
		608E78E61CE1859D0009E703 /* QHThirdPartyKey.h */ = {isa = PBXFileReference; lastKnownFileType = sourcecode.c.h; path = QHThirdPartyKey.h; sourceTree = "<group>"; };
		60A236EF1CEA3096004D49F5 /* NSError+LeanClound.h */ = {isa = PBXFileReference; fileEncoding = 4; lastKnownFileType = sourcecode.c.h; path = "NSError+LeanClound.h"; sourceTree = "<group>"; };
		60A236F01CEA3096004D49F5 /* NSError+LeanClound.m */ = {isa = PBXFileReference; fileEncoding = 4; lastKnownFileType = sourcecode.c.objc; path = "NSError+LeanClound.m"; sourceTree = "<group>"; };
		60C849F71CE6EAEF00D6569C /* QHBaseTableViewController.h */ = {isa = PBXFileReference; fileEncoding = 4; lastKnownFileType = sourcecode.c.h; path = QHBaseTableViewController.h; sourceTree = "<group>"; };
		60C849F81CE6EAEF00D6569C /* QHBaseTableViewController.m */ = {isa = PBXFileReference; fileEncoding = 4; lastKnownFileType = sourcecode.c.objc; path = QHBaseTableViewController.m; sourceTree = "<group>"; };
		60C849FE1CE6F0E800D6569C /* QHHomeViewController.h */ = {isa = PBXFileReference; fileEncoding = 4; lastKnownFileType = sourcecode.c.h; path = QHHomeViewController.h; sourceTree = "<group>"; };
		60C849FF1CE6F0E800D6569C /* QHHomeViewController.m */ = {isa = PBXFileReference; fileEncoding = 4; lastKnownFileType = sourcecode.c.objc; path = QHHomeViewController.m; sourceTree = "<group>"; };
		60C84A011CE6F0F800D6569C /* QHChatRoomViewController.h */ = {isa = PBXFileReference; fileEncoding = 4; lastKnownFileType = sourcecode.c.h; path = QHChatRoomViewController.h; sourceTree = "<group>"; };
		60C84A021CE6F0F800D6569C /* QHChatRoomViewController.m */ = {isa = PBXFileReference; fileEncoding = 4; lastKnownFileType = sourcecode.c.objc; path = QHChatRoomViewController.m; sourceTree = "<group>"; };
		60C84A041CE6F31D00D6569C /* QHMyMainViewController.h */ = {isa = PBXFileReference; fileEncoding = 4; lastKnownFileType = sourcecode.c.h; path = QHMyMainViewController.h; sourceTree = "<group>"; };
		60C84A051CE6F31D00D6569C /* QHMyMainViewController.m */ = {isa = PBXFileReference; fileEncoding = 4; lastKnownFileType = sourcecode.c.objc; path = QHMyMainViewController.m; sourceTree = "<group>"; };
		60C84A081CE6F46000D6569C /* QHBaseNavigationController.h */ = {isa = PBXFileReference; fileEncoding = 4; lastKnownFileType = sourcecode.c.h; path = QHBaseNavigationController.h; sourceTree = "<group>"; };
		60C84A091CE6F46000D6569C /* QHBaseNavigationController.m */ = {isa = PBXFileReference; fileEncoding = 4; lastKnownFileType = sourcecode.c.objc; path = QHBaseNavigationController.m; sourceTree = "<group>"; };
		60CD9F611C9EA56800EC354F /* QHProject.app */ = {isa = PBXFileReference; explicitFileType = wrapper.application; includeInIndex = 0; path = QHProject.app; sourceTree = BUILT_PRODUCTS_DIR; };
		60CD9F651C9EA56800EC354F /* main.m */ = {isa = PBXFileReference; lastKnownFileType = sourcecode.c.objc; path = main.m; sourceTree = "<group>"; };
		60CD9F671C9EA56800EC354F /* AppDelegate.h */ = {isa = PBXFileReference; lastKnownFileType = sourcecode.c.h; name = AppDelegate.h; path = ../AppDelegate.h; sourceTree = "<group>"; };
		60CD9F681C9EA56800EC354F /* AppDelegate.m */ = {isa = PBXFileReference; lastKnownFileType = sourcecode.c.objc; name = AppDelegate.m; path = ../AppDelegate.m; sourceTree = "<group>"; };
		60CD9F6E1C9EA56800EC354F /* Base */ = {isa = PBXFileReference; lastKnownFileType = file.storyboard; name = Base; path = Base.lproj/Main.storyboard; sourceTree = "<group>"; };
		60CD9F711C9EA56800EC354F /* QHProject.xcdatamodel */ = {isa = PBXFileReference; lastKnownFileType = wrapper.xcdatamodel; path = QHProject.xcdatamodel; sourceTree = "<group>"; };
		60CD9F731C9EA56800EC354F /* Assets.xcassets */ = {isa = PBXFileReference; lastKnownFileType = folder.assetcatalog; path = Assets.xcassets; sourceTree = "<group>"; };
		60CD9F761C9EA56800EC354F /* Base */ = {isa = PBXFileReference; lastKnownFileType = file.storyboard; name = Base; path = Base.lproj/LaunchScreen.storyboard; sourceTree = "<group>"; };
		60CD9F781C9EA56800EC354F /* Info.plist */ = {isa = PBXFileReference; lastKnownFileType = text.plist.xml; path = Info.plist; sourceTree = "<group>"; };
		A4164E44331325240F3DD39E /* Pods.debug.xcconfig */ = {isa = PBXFileReference; includeInIndex = 1; lastKnownFileType = text.xcconfig; name = Pods.debug.xcconfig; path = "../Pods/Target Support Files/Pods/Pods.debug.xcconfig"; sourceTree = "<group>"; };
		AA641530E0D7F290B397BD1A /* Pods.release.xcconfig */ = {isa = PBXFileReference; includeInIndex = 1; lastKnownFileType = text.xcconfig; name = Pods.release.xcconfig; path = "../Pods/Target Support Files/Pods/Pods.release.xcconfig"; sourceTree = "<group>"; };
		FA65707B552B41AFCCF4066D /* libPods.a */ = {isa = PBXFileReference; explicitFileType = archive.ar; includeInIndex = 0; path = libPods.a; sourceTree = BUILT_PRODUCTS_DIR; };
/* End PBXFileReference section */

/* Begin PBXFrameworksBuildPhase section */
		60CD9F5E1C9EA56800EC354F /* Frameworks */ = {
			isa = PBXFrameworksBuildPhase;
			buildActionMask = 2147483647;
			files = (
				F5CA835FF540A29F51B21184 /* libPods.a in Frameworks */,
			);
			runOnlyForDeploymentPostprocessing = 0;
		};
/* End PBXFrameworksBuildPhase section */

/* Begin PBXGroup section */
		600225D11CE9C7D600F852BC /* Launch */ = {
			isa = PBXGroup;
			children = (
				600225D21CE9C81200F852BC /* QHLaunchViewController.h */,
				600225D31CE9C81200F852BC /* QHLaunchViewController.m */,
			);
			name = Launch;
			sourceTree = "<group>";
		};
		600225D81CE9CF4B00F852BC /* Category */ = {
			isa = PBXGroup;
			children = (
				600225D91CE9CF6C00F852BC /* UIView+Frame.h */,
				600225DA1CE9CF6C00F852BC /* UIView+Frame.m */,
				60A236EF1CEA3096004D49F5 /* NSError+LeanClound.h */,
				60A236F01CEA3096004D49F5 /* NSError+LeanClound.m */,
				6040F2861CEABAD600D8FF50 /* UIViewController+AlertView.h */,
				6040F2871CEABAD600D8FF50 /* UIViewController+AlertView.m */,
			);
			name = Category;
			sourceTree = "<group>";
		};
		606B00401CE477690009099A /* Model */ = {
			isa = PBXGroup;
			children = (
				606B00441CE479290009099A /* QHUserModel.h */,
				606B00451CE479290009099A /* QHUserModel.m */,
			);
			name = Model;
			path = "Supporting Files";
			sourceTree = "<group>";
		};
		606B00471CE479BF0009099A /* Manager */ = {
			isa = PBXGroup;
			children = (
				606B004D1CE487E60009099A /* QHUserManager.h */,
				606B004E1CE487E60009099A /* QHUserManager.m */,
				606B00531CE4CF580009099A /* QHAlertViewManager.h */,
				606B00541CE4CF580009099A /* QHAlertViewManager.m */,
			);
			name = Manager;
			path = ..;
			sourceTree = "<group>";
		};
		606B004C1CE482110009099A /* RegisterViewController */ = {
			isa = PBXGroup;
			children = (
				606B00561CE4DF130009099A /* QHRegisterViewController.h */,
				606B00571CE4DF130009099A /* QHRegisterViewController.m */,
				606B00581CE4DF130009099A /* QHRegisterViewController.xib */,
			);
			name = RegisterViewController;
			path = Login;
			sourceTree = "<group>";
		};
		606B005B1CE5C70D0009099A /* User */ = {
			isa = PBXGroup;
			children = (
				60C84A071CE6F32C00D6569C /* MyMainViewController */,
			);
			name = User;
			sourceTree = "<group>";
		};
		606B00661CE5E36B0009099A /* ChooseRegisterTypeViewController */ = {
			isa = PBXGroup;
			children = (
				606B00611CE5C7FF0009099A /* QHChooseRegisterTypeViewController.h */,
				606B00621CE5C7FF0009099A /* QHChooseRegisterTypeViewController.m */,
				606B00631CE5C7FF0009099A /* QHChooseRegisterTypeViewController.xib */,
			);
			name = ChooseRegisterTypeViewController;
			sourceTree = "<group>";
		};
		60A236F21CEA3241004D49F5 /* Login */ = {
			isa = PBXGroup;
			children = (
				606B00661CE5E36B0009099A /* ChooseRegisterTypeViewController */,
				606B004C1CE482110009099A /* RegisterViewController */,
				60AD782A1CA942EC00140298 /* LoginViewController */,
			);
			name = Login;
			sourceTree = "<group>";
		};
		60AD78281CA9428400140298 /* ViewController */ = {
			isa = PBXGroup;
			children = (
				60A236F21CEA3241004D49F5 /* Login */,
				600225D11CE9C7D600F852BC /* Launch */,
				60C849F61CE6EAAB00D6569C /* Chat */,
				60C849F51CE6EA6D00D6569C /* Home */,
				606B005B1CE5C70D0009099A /* User */,
				60AD78291CA942AA00140298 /* Base */,
			);
			path = ViewController;
			sourceTree = "<group>";
		};
		60AD78291CA942AA00140298 /* Base */ = {
			isa = PBXGroup;
			children = (
				6001A6D51CB4BC22000F2BB3 /* QHBaseViewController.h */,
				6001A6D61CB4BC22000F2BB3 /* QHBaseViewController.m */,
				60C849F71CE6EAEF00D6569C /* QHBaseTableViewController.h */,
				60C849F81CE6EAEF00D6569C /* QHBaseTableViewController.m */,
				60C84A081CE6F46000D6569C /* QHBaseNavigationController.h */,
				60C84A091CE6F46000D6569C /* QHBaseNavigationController.m */,
				600225D51CE9CC3400F852BC /* QHHomeTabBarController.h */,
				600225D61CE9CC3400F852BC /* QHHomeTabBarController.m */,
			);
			path = Base;
			sourceTree = "<group>";
		};
		60AD782A1CA942EC00140298 /* LoginViewController */ = {
			isa = PBXGroup;
			children = (
				603975FC1CC51D6200E9DC25 /* QHLoginViewController.h */,
				603975FD1CC51D6200E9DC25 /* QHLoginViewController.m */,
				603975FE1CC51D6200E9DC25 /* QHLoginViewController.xib */,
			);
			name = LoginViewController;
			path = Login;
			sourceTree = "<group>";
		};
		60C849F51CE6EA6D00D6569C /* Home */ = {
			isa = PBXGroup;
			children = (
				60C849FE1CE6F0E800D6569C /* QHHomeViewController.h */,
				60C849FF1CE6F0E800D6569C /* QHHomeViewController.m */,
			);
			name = Home;
			sourceTree = "<group>";
		};
		60C849F61CE6EAAB00D6569C /* Chat */ = {
			isa = PBXGroup;
			children = (
				60C84A011CE6F0F800D6569C /* QHChatRoomViewController.h */,
				60C84A021CE6F0F800D6569C /* QHChatRoomViewController.m */,
			);
			name = Chat;
			sourceTree = "<group>";
		};
		60C849FD1CE6EE3F00D6569C /* View */ = {
			isa = PBXGroup;
			children = (
			);
			name = View;
			sourceTree = "<group>";
		};
		60C84A071CE6F32C00D6569C /* MyMainViewController */ = {
			isa = PBXGroup;
			children = (
				60C84A041CE6F31D00D6569C /* QHMyMainViewController.h */,
				60C84A051CE6F31D00D6569C /* QHMyMainViewController.m */,
			);
			name = MyMainViewController;
			sourceTree = "<group>";
		};
		60CD9F581C9EA56800EC354F = {
			isa = PBXGroup;
			children = (
				A42C5542887975E4EB8C62D8 /* Frameworks */,
				CB7F59D89EDD40C9BBFBE292 /* Pods */,
				60CD9F621C9EA56800EC354F /* Products */,
				60CD9F631C9EA56800EC354F /* QHProject */,
			);
			sourceTree = "<group>";
		};
		60CD9F621C9EA56800EC354F /* Products */ = {
			isa = PBXGroup;
			children = (
				60CD9F611C9EA56800EC354F /* QHProject.app */,
			);
			name = Products;
			sourceTree = "<group>";
		};
		60CD9F631C9EA56800EC354F /* QHProject */ = {
			isa = PBXGroup;
			children = (
				606B00401CE477690009099A /* Model */,
				60F02B801CA938CB0037CE77 /* Common */,
				60CD9F641C9EA56800EC354F /* Supporting Files */,
				60AD78281CA9428400140298 /* ViewController */,
				60CD9F731C9EA56800EC354F /* Assets.xcassets */,
				60CD9F781C9EA56800EC354F /* Info.plist */,
				60CD9F751C9EA56800EC354F /* LaunchScreen.storyboard */,
				60CD9F6D1C9EA56800EC354F /* Main.storyboard */,
				60CD9F701C9EA56800EC354F /* QHProject.xcdatamodeld */,
			);
			path = QHProject;
			sourceTree = "<group>";
		};
		60CD9F641C9EA56800EC354F /* Supporting Files */ = {
			isa = PBXGroup;
			children = (
				60CD9F671C9EA56800EC354F /* AppDelegate.h */,
				60CD9F681C9EA56800EC354F /* AppDelegate.m */,
				603976011CC52AC900E9DC25 /* QHProjectPrefixHeader.pch */,
				60CD9F651C9EA56800EC354F /* main.m */,
			);
			path = "Supporting Files";
			sourceTree = "<group>";
		};
		60F02B801CA938CB0037CE77 /* Common */ = {
			isa = PBXGroup;
			children = (
				600225D81CE9CF4B00F852BC /* Category */,
				60C849FD1CE6EE3F00D6569C /* View */,
				606B00471CE479BF0009099A /* Manager */,
				608E78E61CE1859D0009E703 /* QHThirdPartyKey.h */,
				606B004B1CE47CB50009099A /* QHCommonBlock.h */,
			);
			path = Common;
			sourceTree = "<group>";
		};
		A42C5542887975E4EB8C62D8 /* Frameworks */ = {
			isa = PBXGroup;
			children = (
				FA65707B552B41AFCCF4066D /* libPods.a */,
			);
			name = Frameworks;
			sourceTree = "<group>";
		};
		CB7F59D89EDD40C9BBFBE292 /* Pods */ = {
			isa = PBXGroup;
			children = (
				A4164E44331325240F3DD39E /* Pods.debug.xcconfig */,
				AA641530E0D7F290B397BD1A /* Pods.release.xcconfig */,
			);
			name = Pods;
			sourceTree = "<group>";
		};
/* End PBXGroup section */

/* Begin PBXNativeTarget section */
		60CD9F601C9EA56800EC354F /* QHProject */ = {
			isa = PBXNativeTarget;
			buildConfigurationList = 60CD9F7B1C9EA56800EC354F /* Build configuration list for PBXNativeTarget "QHProject" */;
			buildPhases = (
				77A48F315DEF6CDEB91182D3 /* Check Pods Manifest.lock */,
				60CD9F5D1C9EA56800EC354F /* Sources */,
				60CD9F5E1C9EA56800EC354F /* Frameworks */,
				60CD9F5F1C9EA56800EC354F /* Resources */,
				28EB8A0B066E05819B8063D3 /* Embed Pods Frameworks */,
				3FD8F2282B569604E0D11EBA /* Copy Pods Resources */,
			);
			buildRules = (
			);
			dependencies = (
			);
			name = QHProject;
			productName = QHProject;
			productReference = 60CD9F611C9EA56800EC354F /* QHProject.app */;
			productType = "com.apple.product-type.application";
		};
/* End PBXNativeTarget section */

/* Begin PBXProject section */
		60CD9F591C9EA56800EC354F /* Project object */ = {
			isa = PBXProject;
			attributes = {
				LastUpgradeCheck = 0720;
				ORGANIZATIONNAME = ChieLi;
				TargetAttributes = {
					60CD9F601C9EA56800EC354F = {
						CreatedOnToolsVersion = 7.2.1;
					};
				};
			};
			buildConfigurationList = 60CD9F5C1C9EA56800EC354F /* Build configuration list for PBXProject "QHProject" */;
			compatibilityVersion = "Xcode 3.2";
			developmentRegion = English;
			hasScannedForEncodings = 0;
			knownRegions = (
				en,
				Base,
			);
			mainGroup = 60CD9F581C9EA56800EC354F;
			productRefGroup = 60CD9F621C9EA56800EC354F /* Products */;
			projectDirPath = "";
			projectRoot = "";
			targets = (
				60CD9F601C9EA56800EC354F /* QHProject */,
			);
		};
/* End PBXProject section */

/* Begin PBXResourcesBuildPhase section */
		60CD9F5F1C9EA56800EC354F /* Resources */ = {
			isa = PBXResourcesBuildPhase;
			buildActionMask = 2147483647;
			files = (
				606B005A1CE4DF130009099A /* QHRegisterViewController.xib in Resources */,
				60CD9F771C9EA56800EC354F /* LaunchScreen.storyboard in Resources */,
				60CD9F741C9EA56800EC354F /* Assets.xcassets in Resources */,
				606B00651CE5C7FF0009099A /* QHChooseRegisterTypeViewController.xib in Resources */,
				60CD9F6F1C9EA56800EC354F /* Main.storyboard in Resources */,
				603976001CC51D6200E9DC25 /* QHLoginViewController.xib in Resources */,
			);
			runOnlyForDeploymentPostprocessing = 0;
		};
/* End PBXResourcesBuildPhase section */

/* Begin PBXShellScriptBuildPhase section */
		28EB8A0B066E05819B8063D3 /* Embed Pods Frameworks */ = {
			isa = PBXShellScriptBuildPhase;
			buildActionMask = 2147483647;
			files = (
			);
			inputPaths = (
			);
			name = "Embed Pods Frameworks";
			outputPaths = (
			);
			runOnlyForDeploymentPostprocessing = 0;
			shellPath = /bin/sh;
			shellScript = "\"${SRCROOT}/../Pods/Target Support Files/Pods/Pods-frameworks.sh\"\n";
			showEnvVarsInLog = 0;
		};
		3FD8F2282B569604E0D11EBA /* Copy Pods Resources */ = {
			isa = PBXShellScriptBuildPhase;
			buildActionMask = 2147483647;
			files = (
			);
			inputPaths = (
			);
			name = "Copy Pods Resources";
			outputPaths = (
			);
			runOnlyForDeploymentPostprocessing = 0;
			shellPath = /bin/sh;
			shellScript = "\"${SRCROOT}/../Pods/Target Support Files/Pods/Pods-resources.sh\"\n";
			showEnvVarsInLog = 0;
		};
		77A48F315DEF6CDEB91182D3 /* Check Pods Manifest.lock */ = {
			isa = PBXShellScriptBuildPhase;
			buildActionMask = 2147483647;
			files = (
			);
			inputPaths = (
			);
			name = "Check Pods Manifest.lock";
			outputPaths = (
			);
			runOnlyForDeploymentPostprocessing = 0;
			shellPath = /bin/sh;
			shellScript = "diff \"${PODS_ROOT}/../Podfile.lock\" \"${PODS_ROOT}/Manifest.lock\" > /dev/null\nif [[ $? != 0 ]] ; then\n    cat << EOM\nerror: The sandbox is not in sync with the Podfile.lock. Run 'pod install' or update your CocoaPods installation.\nEOM\n    exit 1\nfi\n";
			showEnvVarsInLog = 0;
		};
/* End PBXShellScriptBuildPhase section */

/* Begin PBXSourcesBuildPhase section */
		60CD9F5D1C9EA56800EC354F /* Sources */ = {
			isa = PBXSourcesBuildPhase;
			buildActionMask = 2147483647;
			files = (
				606B00551CE4CF580009099A /* QHAlertViewManager.m in Sources */,
				606B00461CE479290009099A /* QHUserModel.m in Sources */,
				603975FF1CC51D6200E9DC25 /* QHLoginViewController.m in Sources */,
				60C84A061CE6F31D00D6569C /* QHMyMainViewController.m in Sources */,
				606B00591CE4DF130009099A /* QHRegisterViewController.m in Sources */,
				60C849F91CE6EAEF00D6569C /* QHBaseTableViewController.m in Sources */,
				6040F2881CEABAD600D8FF50 /* UIViewController+AlertView.m in Sources */,
				600225D41CE9C81200F852BC /* QHLaunchViewController.m in Sources */,
				6001A6D71CB4BC22000F2BB3 /* QHBaseViewController.m in Sources */,
				60CD9F691C9EA56800EC354F /* AppDelegate.m in Sources */,
				60C84A001CE6F0E800D6569C /* QHHomeViewController.m in Sources */,
				606B004F1CE487E60009099A /* QHUserManager.m in Sources */,
				60C84A031CE6F0F800D6569C /* QHChatRoomViewController.m in Sources */,
				600225DB1CE9CF6C00F852BC /* UIView+Frame.m in Sources */,
				60CD9F721C9EA56800EC354F /* QHProject.xcdatamodeld in Sources */,
				60CD9F661C9EA56800EC354F /* main.m in Sources */,
				600225D71CE9CC3400F852BC /* QHHomeTabBarController.m in Sources */,
				60A236F11CEA3096004D49F5 /* NSError+LeanClound.m in Sources */,
				606B00641CE5C7FF0009099A /* QHChooseRegisterTypeViewController.m in Sources */,
				60C84A0A1CE6F46000D6569C /* QHBaseNavigationController.m in Sources */,
			);
			runOnlyForDeploymentPostprocessing = 0;
		};
/* End PBXSourcesBuildPhase section */

/* Begin PBXVariantGroup section */
		60CD9F6D1C9EA56800EC354F /* Main.storyboard */ = {
			isa = PBXVariantGroup;
			children = (
				60CD9F6E1C9EA56800EC354F /* Base */,
			);
			name = Main.storyboard;
			path = .;
			sourceTree = "<group>";
		};
		60CD9F751C9EA56800EC354F /* LaunchScreen.storyboard */ = {
			isa = PBXVariantGroup;
			children = (
				60CD9F761C9EA56800EC354F /* Base */,
			);
			name = LaunchScreen.storyboard;
			path = .;
			sourceTree = "<group>";
		};
/* End PBXVariantGroup section */

/* Begin XCBuildConfiguration section */
		60CD9F791C9EA56800EC354F /* Debug */ = {
			isa = XCBuildConfiguration;
			buildSettings = {
				ALWAYS_SEARCH_USER_PATHS = NO;
				CLANG_CXX_LANGUAGE_STANDARD = "gnu++0x";
				CLANG_CXX_LIBRARY = "libc++";
				CLANG_ENABLE_MODULES = YES;
				CLANG_ENABLE_OBJC_ARC = YES;
				CLANG_WARN_BOOL_CONVERSION = YES;
				CLANG_WARN_CONSTANT_CONVERSION = YES;
				CLANG_WARN_DIRECT_OBJC_ISA_USAGE = YES_ERROR;
				CLANG_WARN_EMPTY_BODY = YES;
				CLANG_WARN_ENUM_CONVERSION = YES;
				CLANG_WARN_INT_CONVERSION = YES;
				CLANG_WARN_OBJC_ROOT_CLASS = YES_ERROR;
				CLANG_WARN_UNREACHABLE_CODE = YES;
				CLANG_WARN__DUPLICATE_METHOD_MATCH = YES;
				"CODE_SIGN_IDENTITY[sdk=iphoneos*]" = "iPhone Developer";
				COPY_PHASE_STRIP = NO;
				DEBUG_INFORMATION_FORMAT = dwarf;
				ENABLE_STRICT_OBJC_MSGSEND = YES;
				ENABLE_TESTABILITY = YES;
				GCC_C_LANGUAGE_STANDARD = gnu99;
				GCC_DYNAMIC_NO_PIC = NO;
				GCC_NO_COMMON_BLOCKS = YES;
				GCC_OPTIMIZATION_LEVEL = 0;
				GCC_PREPROCESSOR_DEFINITIONS = (
					"DEBUG=1",
					"$(inherited)",
				);
				GCC_WARN_64_TO_32_BIT_CONVERSION = YES;
				GCC_WARN_ABOUT_RETURN_TYPE = YES_ERROR;
				GCC_WARN_UNDECLARED_SELECTOR = YES;
				GCC_WARN_UNINITIALIZED_AUTOS = YES_AGGRESSIVE;
				GCC_WARN_UNUSED_FUNCTION = YES;
				GCC_WARN_UNUSED_VARIABLE = YES;
				IPHONEOS_DEPLOYMENT_TARGET = 9.2;
				MTL_ENABLE_DEBUG_INFO = YES;
				ONLY_ACTIVE_ARCH = YES;
				SDKROOT = iphoneos;
				TARGETED_DEVICE_FAMILY = "1,2";
			};
			name = Debug;
		};
		60CD9F7A1C9EA56800EC354F /* Release */ = {
			isa = XCBuildConfiguration;
			buildSettings = {
				ALWAYS_SEARCH_USER_PATHS = NO;
				CLANG_CXX_LANGUAGE_STANDARD = "gnu++0x";
				CLANG_CXX_LIBRARY = "libc++";
				CLANG_ENABLE_MODULES = YES;
				CLANG_ENABLE_OBJC_ARC = YES;
				CLANG_WARN_BOOL_CONVERSION = YES;
				CLANG_WARN_CONSTANT_CONVERSION = YES;
				CLANG_WARN_DIRECT_OBJC_ISA_USAGE = YES_ERROR;
				CLANG_WARN_EMPTY_BODY = YES;
				CLANG_WARN_ENUM_CONVERSION = YES;
				CLANG_WARN_INT_CONVERSION = YES;
				CLANG_WARN_OBJC_ROOT_CLASS = YES_ERROR;
				CLANG_WARN_UNREACHABLE_CODE = YES;
				CLANG_WARN__DUPLICATE_METHOD_MATCH = YES;
				"CODE_SIGN_IDENTITY[sdk=iphoneos*]" = "iPhone Developer";
				COPY_PHASE_STRIP = NO;
				DEBUG_INFORMATION_FORMAT = "dwarf-with-dsym";
				ENABLE_NS_ASSERTIONS = NO;
				ENABLE_STRICT_OBJC_MSGSEND = YES;
				GCC_C_LANGUAGE_STANDARD = gnu99;
				GCC_NO_COMMON_BLOCKS = YES;
				GCC_WARN_64_TO_32_BIT_CONVERSION = YES;
				GCC_WARN_ABOUT_RETURN_TYPE = YES_ERROR;
				GCC_WARN_UNDECLARED_SELECTOR = YES;
				GCC_WARN_UNINITIALIZED_AUTOS = YES_AGGRESSIVE;
				GCC_WARN_UNUSED_FUNCTION = YES;
				GCC_WARN_UNUSED_VARIABLE = YES;
				IPHONEOS_DEPLOYMENT_TARGET = 9.2;
				MTL_ENABLE_DEBUG_INFO = NO;
				SDKROOT = iphoneos;
				TARGETED_DEVICE_FAMILY = "1,2";
				VALIDATE_PRODUCT = YES;
			};
			name = Release;
		};
		60CD9F7C1C9EA56800EC354F /* Debug */ = {
			isa = XCBuildConfiguration;
			baseConfigurationReference = A4164E44331325240F3DD39E /* Pods.debug.xcconfig */;
			buildSettings = {
				ASSETCATALOG_COMPILER_APPICON_NAME = AppIcon;
				GCC_PREFIX_HEADER = "$(SRCROOT)/QHProject/Supporting Files/QHProjectPrefixHeader.pch";
				INFOPLIST_FILE = QHProject/Info.plist;
				LD_RUNPATH_SEARCH_PATHS = "$(inherited) @executable_path/Frameworks";
				PRODUCT_BUNDLE_IDENTIFIER = com.chie.QHProject;
				PRODUCT_NAME = "$(TARGET_NAME)";
			};
			name = Debug;
		};
		60CD9F7D1C9EA56800EC354F /* Release */ = {
			isa = XCBuildConfiguration;
			baseConfigurationReference = AA641530E0D7F290B397BD1A /* Pods.release.xcconfig */;
			buildSettings = {
				ASSETCATALOG_COMPILER_APPICON_NAME = AppIcon;
				GCC_PREFIX_HEADER = "$(SRCROOT)/QHProject/Supporting Files/QHProjectPrefixHeader.pch";
				INFOPLIST_FILE = QHProject/Info.plist;
				LD_RUNPATH_SEARCH_PATHS = "$(inherited) @executable_path/Frameworks";
				PRODUCT_BUNDLE_IDENTIFIER = com.chie.QHProject;
				PRODUCT_NAME = "$(TARGET_NAME)";
			};
			name = Release;
		};
/* End XCBuildConfiguration section */

/* Begin XCConfigurationList section */
		60CD9F5C1C9EA56800EC354F /* Build configuration list for PBXProject "QHProject" */ = {
			isa = XCConfigurationList;
			buildConfigurations = (
				60CD9F791C9EA56800EC354F /* Debug */,
				60CD9F7A1C9EA56800EC354F /* Release */,
			);
			defaultConfigurationIsVisible = 0;
			defaultConfigurationName = Release;
		};
		60CD9F7B1C9EA56800EC354F /* Build configuration list for PBXNativeTarget "QHProject" */ = {
			isa = XCConfigurationList;
			buildConfigurations = (
				60CD9F7C1C9EA56800EC354F /* Debug */,
				60CD9F7D1C9EA56800EC354F /* Release */,
			);
			defaultConfigurationIsVisible = 0;
			defaultConfigurationName = Release;
		};
/* End XCConfigurationList section */

/* Begin XCVersionGroup section */
		60CD9F701C9EA56800EC354F /* QHProject.xcdatamodeld */ = {
			isa = XCVersionGroup;
			children = (
				60CD9F711C9EA56800EC354F /* QHProject.xcdatamodel */,
			);
			currentVersion = 60CD9F711C9EA56800EC354F /* QHProject.xcdatamodel */;
			path = QHProject.xcdatamodeld;
			sourceTree = "<group>";
			versionGroupType = wrapper.xcdatamodel;
		};
/* End XCVersionGroup section */
	};
	rootObject = 60CD9F591C9EA56800EC354F /* Project object */;
}
